
Microsoft Visual Studio Solution File, Format Version 12.00
# Visual Studio Version 17
VisualStudioVersion = 17.9.34728.123
MinimumVisualStudioVersion = 10.0.40219.1
Project("{FAE04EC0-301F-11D3-BF4B-00C04F79EFBC}") = "MoneyBuilder.APIs", "MoneyBuilder.APIs\MoneyBuilder.APIs.csproj", "{FF42DEA3-E201-4936-BBC4-4F3EA503931C}"
EndProject
Project("{FAE04EC0-301F-11D3-BF4B-00C04F79EFBC}") = "MoneyBuilder.Core", "MoneyBuilder.Core\MoneyBuilder.Core.csproj", "{2E706D41-E6F3-4814-98D1-12FD67D99F0E}"
EndProject
Project("{FAE04EC0-301F-11D3-BF4B-00C04F79EFBC}") = "MoneyBuilder.Repository", "MoneyBuilder.Repository\MoneyBuilder.Repository.csproj", "{515490FD-8CAB-4C55-B53F-35AA0BC1B634}"
EndProject
Project("{FAE04EC0-301F-11D3-BF4B-00C04F79EFBC}") = "MoneyBuilder.Services", "MoneyBuilder.Services\MoneyBuilder.Services.csproj", "{C3B7DF80-C4F0-4E72-998C-5B4FC8C868E8}"
EndProject
Global
	GlobalSection(SolutionConfigurationPlatforms) = preSolution
		Debug|Any CPU = Debug|Any CPU
		Release|Any CPU = Release|Any CPU
	EndGlobalSection
	GlobalSection(ProjectConfigurationPlatforms) = postSolution
		{FF42DEA3-E201-4936-BBC4-4F3EA503931C}.Debug|Any CPU.ActiveCfg = Debug|Any CPU
		{FF42DEA3-E201-4936-BBC4-4F3EA503931C}.Debug|Any CPU.Build.0 = Debug|Any CPU
		{FF42DEA3-E201-4936-BBC4-4F3EA503931C}.Release|Any CPU.ActiveCfg = Release|Any CPU
		{FF42DEA3-E201-4936-BBC4-4F3EA503931C}.Release|Any CPU.Build.0 = Release|Any CPU
		{2E706D41-E6F3-4814-98D1-12FD67D99F0E}.Debug|Any CPU.ActiveCfg = Debug|Any CPU
		{2E706D41-E6F3-4814-98D1-12FD67D99F0E}.Debug|Any CPU.Build.0 = Debug|Any CPU
		{2E706D41-E6F3-4814-98D1-12FD67D99F0E}.Release|Any CPU.ActiveCfg = Release|Any CPU
		{2E706D41-E6F3-4814-98D1-12FD67D99F0E}.Release|Any CPU.Build.0 = Release|Any CPU
		{515490FD-8CAB-4C55-B53F-35AA0BC1B634}.Debug|Any CPU.ActiveCfg = Debug|Any CPU
		{515490FD-8CAB-4C55-B53F-35AA0BC1B634}.Debug|Any CPU.Build.0 = Debug|Any CPU
		{515490FD-8CAB-4C55-B53F-35AA0BC1B634}.Release|Any CPU.ActiveCfg = Release|Any CPU
		{515490FD-8CAB-4C55-B53F-35AA0BC1B634}.Release|Any CPU.Build.0 = Release|Any CPU
		{C3B7DF80-C4F0-4E72-998C-5B4FC8C868E8}.Debug|Any CPU.ActiveCfg = Debug|Any CPU
		{C3B7DF80-C4F0-4E72-998C-5B4FC8C868E8}.Debug|Any CPU.Build.0 = Debug|Any CPU
		{C3B7DF80-C4F0-4E72-998C-5B4FC8C868E8}.Release|Any CPU.ActiveCfg = Release|Any CPU
		{C3B7DF80-C4F0-4E72-998C-5B4FC8C868E8}.Release|Any CPU.Build.0 = Release|Any CPU
	EndGlobalSection
	GlobalSection(SolutionProperties) = preSolution
		HideSolutionNode = FALSE
	EndGlobalSection
	GlobalSection(ExtensibilityGlobals) = postSolution
		SolutionGuid = {77B090C3-7738-4FA6-A054-1214EAFA03F5}
	EndGlobalSection
EndGlobal
